
Microsoft Visual Studio Solution File, Format Version 12.00
Project("{FAE04EC0-301F-11D3-BF4B-00C04F79EFBC}") = "Bank.Accounts.Domain", "Bank.Accounts.Domain\Bank.Accounts.Domain.csproj", "{83DB1911-0BD9-4BEC-AEE0-29C945D86455}"
EndProject
Project("{2150E333-8FDC-42A3-9474-1A3956D46DE8}") = "Accounts", "Accounts", "{F35C7593-AA00-4205-9227-4B03AB66A563}"
EndProject
Project("{FAE04EC0-301F-11D3-BF4B-00C04F79EFBC}") = "Bank.Accounts.Application", "Bank.Accounts.Application\Bank.Accounts.Application.csproj", "{916A2953-35E9-4F87-A991-A1501A10F720}"
EndProject
Project("{FAE04EC0-301F-11D3-BF4B-00C04F79EFBC}") = "Bank.Accounts.Infrastructure", "Bank.Accounts.Infrastructure\Bank.Accounts.Infrastructure.csproj", "{23748CF7-CB7C-4BEA-90E5-D08823587A03}"
EndProject
Project("{FAE04EC0-301F-11D3-BF4B-00C04F79EFBC}") = "Bank.Accounts.Api", "Bank.Accounts.Api\Bank.Accounts.Api.csproj", "{C2C1DB86-532C-4959-B6B3-D91B18B70B1C}"
EndProject
Project("{2150E333-8FDC-42A3-9474-1A3956D46DE8}") = "Transactions", "Transactions", "{955B580E-6570-479A-ABFB-2D31DD6CAAAD}"
EndProject
Project("{FAE04EC0-301F-11D3-BF4B-00C04F79EFBC}") = "Bank.Transactions.Api", "Bank.Transactions.Api\Bank.Transactions.Api.csproj", "{0AEC52B1-C2F6-4E41-99AB-F043B56F4F82}"
EndProject
Project("{FAE04EC0-301F-11D3-BF4B-00C04F79EFBC}") = "Bank.Transactions.Domain", "Bank.Transactions.Domain\Bank.Transactions.Domain.csproj", "{483AC2AA-485D-4FE3-A083-516A74A15ED4}"
EndProject
Project("{FAE04EC0-301F-11D3-BF4B-00C04F79EFBC}") = "Bank.Transactions.Application", "Bank.Transactions.Application\Bank.Transactions.Application.csproj", "{0DC5CCA2-E66D-452F-8A7B-7A38B4388B6A}"
EndProject
Project("{FAE04EC0-301F-11D3-BF4B-00C04F79EFBC}") = "Bank.Transactions.Infrastructure", "Bank.Transactions.Infrastructure\Bank.Transactions.Infrastructure.csproj", "{C89AF681-1DE0-458B-A99F-B229637707A4}"
EndProject
Project("{FAE04EC0-301F-11D3-BF4B-00C04F79EFBC}") = "Bank.Accounts.Unit.Test", "Bank.Accounts.Unit.Test\Bank.Accounts.Unit.Test.csproj", "{29A3394C-CA15-4BEC-9FC8-C68ACF160FB8}"
EndProject
Project("{FAE04EC0-301F-11D3-BF4B-00C04F79EFBC}") = "Bank.Account.Integration.Test", "Bank.Account.Integration.Test\Bank.Account.Integration.Test.csproj", "{1E8D8898-D810-4A9F-A022-9FCE25DD5D76}"
EndProject
Project("{2150E333-8FDC-42A3-9474-1A3956D46DE8}") = "Tests", "Tests", "{7FF075EC-0429-4D40-917B-E8788E80DFE8}"
EndProject
Project("{2150E333-8FDC-42A3-9474-1A3956D46DE8}") = "Commons", "Commons", "{AF1EE12C-D601-4449-A648-EE7B9B0D20F0}"
EndProject
Project("{FAE04EC0-301F-11D3-BF4B-00C04F79EFBC}") = "Bank.Commons.Applications", "Bank.Commons.Applications\Bank.Commons.Applications.csproj", "{07916AC7-828D-4602-98C7-631E1B0E5FC8}"
EndProject
Global
	GlobalSection(SolutionConfigurationPlatforms) = preSolution
		Debug|Any CPU = Debug|Any CPU
		Release|Any CPU = Release|Any CPU
	EndGlobalSection
	GlobalSection(ProjectConfigurationPlatforms) = postSolution
		{83DB1911-0BD9-4BEC-AEE0-29C945D86455}.Debug|Any CPU.ActiveCfg = Debug|Any CPU
		{83DB1911-0BD9-4BEC-AEE0-29C945D86455}.Debug|Any CPU.Build.0 = Debug|Any CPU
		{83DB1911-0BD9-4BEC-AEE0-29C945D86455}.Release|Any CPU.ActiveCfg = Release|Any CPU
		{83DB1911-0BD9-4BEC-AEE0-29C945D86455}.Release|Any CPU.Build.0 = Release|Any CPU
		{916A2953-35E9-4F87-A991-A1501A10F720}.Debug|Any CPU.ActiveCfg = Debug|Any CPU
		{916A2953-35E9-4F87-A991-A1501A10F720}.Debug|Any CPU.Build.0 = Debug|Any CPU
		{916A2953-35E9-4F87-A991-A1501A10F720}.Release|Any CPU.ActiveCfg = Release|Any CPU
		{916A2953-35E9-4F87-A991-A1501A10F720}.Release|Any CPU.Build.0 = Release|Any CPU
		{23748CF7-CB7C-4BEA-90E5-D08823587A03}.Debug|Any CPU.ActiveCfg = Debug|Any CPU
		{23748CF7-CB7C-4BEA-90E5-D08823587A03}.Debug|Any CPU.Build.0 = Debug|Any CPU
		{23748CF7-CB7C-4BEA-90E5-D08823587A03}.Release|Any CPU.ActiveCfg = Release|Any CPU
		{23748CF7-CB7C-4BEA-90E5-D08823587A03}.Release|Any CPU.Build.0 = Release|Any CPU
		{C2C1DB86-532C-4959-B6B3-D91B18B70B1C}.Debug|Any CPU.ActiveCfg = Debug|Any CPU
		{C2C1DB86-532C-4959-B6B3-D91B18B70B1C}.Debug|Any CPU.Build.0 = Debug|Any CPU
		{C2C1DB86-532C-4959-B6B3-D91B18B70B1C}.Release|Any CPU.ActiveCfg = Release|Any CPU
		{C2C1DB86-532C-4959-B6B3-D91B18B70B1C}.Release|Any CPU.Build.0 = Release|Any CPU
		{0AEC52B1-C2F6-4E41-99AB-F043B56F4F82}.Debug|Any CPU.ActiveCfg = Debug|Any CPU
		{0AEC52B1-C2F6-4E41-99AB-F043B56F4F82}.Debug|Any CPU.Build.0 = Debug|Any CPU
		{0AEC52B1-C2F6-4E41-99AB-F043B56F4F82}.Release|Any CPU.ActiveCfg = Release|Any CPU
		{0AEC52B1-C2F6-4E41-99AB-F043B56F4F82}.Release|Any CPU.Build.0 = Release|Any CPU
		{483AC2AA-485D-4FE3-A083-516A74A15ED4}.Debug|Any CPU.ActiveCfg = Debug|Any CPU
		{483AC2AA-485D-4FE3-A083-516A74A15ED4}.Debug|Any CPU.Build.0 = Debug|Any CPU
		{483AC2AA-485D-4FE3-A083-516A74A15ED4}.Release|Any CPU.ActiveCfg = Release|Any CPU
		{483AC2AA-485D-4FE3-A083-516A74A15ED4}.Release|Any CPU.Build.0 = Release|Any CPU
		{0DC5CCA2-E66D-452F-8A7B-7A38B4388B6A}.Debug|Any CPU.ActiveCfg = Debug|Any CPU
		{0DC5CCA2-E66D-452F-8A7B-7A38B4388B6A}.Debug|Any CPU.Build.0 = Debug|Any CPU
		{0DC5CCA2-E66D-452F-8A7B-7A38B4388B6A}.Release|Any CPU.ActiveCfg = Release|Any CPU
		{0DC5CCA2-E66D-452F-8A7B-7A38B4388B6A}.Release|Any CPU.Build.0 = Release|Any CPU
		{C89AF681-1DE0-458B-A99F-B229637707A4}.Debug|Any CPU.ActiveCfg = Debug|Any CPU
		{C89AF681-1DE0-458B-A99F-B229637707A4}.Debug|Any CPU.Build.0 = Debug|Any CPU
		{C89AF681-1DE0-458B-A99F-B229637707A4}.Release|Any CPU.ActiveCfg = Release|Any CPU
		{C89AF681-1DE0-458B-A99F-B229637707A4}.Release|Any CPU.Build.0 = Release|Any CPU
		{29A3394C-CA15-4BEC-9FC8-C68ACF160FB8}.Debug|Any CPU.ActiveCfg = Debug|Any CPU
		{29A3394C-CA15-4BEC-9FC8-C68ACF160FB8}.Debug|Any CPU.Build.0 = Debug|Any CPU
		{29A3394C-CA15-4BEC-9FC8-C68ACF160FB8}.Release|Any CPU.ActiveCfg = Release|Any CPU
		{29A3394C-CA15-4BEC-9FC8-C68ACF160FB8}.Release|Any CPU.Build.0 = Release|Any CPU
		{1E8D8898-D810-4A9F-A022-9FCE25DD5D76}.Debug|Any CPU.ActiveCfg = Debug|Any CPU
		{1E8D8898-D810-4A9F-A022-9FCE25DD5D76}.Debug|Any CPU.Build.0 = Debug|Any CPU
		{1E8D8898-D810-4A9F-A022-9FCE25DD5D76}.Release|Any CPU.ActiveCfg = Release|Any CPU
		{1E8D8898-D810-4A9F-A022-9FCE25DD5D76}.Release|Any CPU.Build.0 = Release|Any CPU
		{07916AC7-828D-4602-98C7-631E1B0E5FC8}.Debug|Any CPU.ActiveCfg = Debug|Any CPU
		{07916AC7-828D-4602-98C7-631E1B0E5FC8}.Debug|Any CPU.Build.0 = Debug|Any CPU
		{07916AC7-828D-4602-98C7-631E1B0E5FC8}.Release|Any CPU.ActiveCfg = Release|Any CPU
		{07916AC7-828D-4602-98C7-631E1B0E5FC8}.Release|Any CPU.Build.0 = Release|Any CPU
	EndGlobalSection
	GlobalSection(NestedProjects) = preSolution
		{83DB1911-0BD9-4BEC-AEE0-29C945D86455} = {F35C7593-AA00-4205-9227-4B03AB66A563}
		{916A2953-35E9-4F87-A991-A1501A10F720} = {F35C7593-AA00-4205-9227-4B03AB66A563}
		{23748CF7-CB7C-4BEA-90E5-D08823587A03} = {F35C7593-AA00-4205-9227-4B03AB66A563}
		{C2C1DB86-532C-4959-B6B3-D91B18B70B1C} = {F35C7593-AA00-4205-9227-4B03AB66A563}
		{0AEC52B1-C2F6-4E41-99AB-F043B56F4F82} = {955B580E-6570-479A-ABFB-2D31DD6CAAAD}
		{483AC2AA-485D-4FE3-A083-516A74A15ED4} = {955B580E-6570-479A-ABFB-2D31DD6CAAAD}
		{0DC5CCA2-E66D-452F-8A7B-7A38B4388B6A} = {955B580E-6570-479A-ABFB-2D31DD6CAAAD}
		{C89AF681-1DE0-458B-A99F-B229637707A4} = {955B580E-6570-479A-ABFB-2D31DD6CAAAD}
		{7FF075EC-0429-4D40-917B-E8788E80DFE8} = {F35C7593-AA00-4205-9227-4B03AB66A563}
		{29A3394C-CA15-4BEC-9FC8-C68ACF160FB8} = {7FF075EC-0429-4D40-917B-E8788E80DFE8}
		{1E8D8898-D810-4A9F-A022-9FCE25DD5D76} = {7FF075EC-0429-4D40-917B-E8788E80DFE8}
		{07916AC7-828D-4602-98C7-631E1B0E5FC8} = {AF1EE12C-D601-4449-A648-EE7B9B0D20F0}
	EndGlobalSection
EndGlobal
